Microsoft Visual Studio Solution File, Format Version 12.00
# Visual Studio Version 17
VisualStudioVersion = 17.2.32630.192
MinimumVisualStudioVersion = 10.0.40219.1
Project("{9A19103F-16F7-4668-BE54-9A1E7A4F7556}") = "APIGateway", "APIGateway\APIGateway.csproj", "{0FD99154-9307-45C6-B877-6891AE368F0F}"
EndProject
Project("{9A19103F-16F7-4668-BE54-9A1E7A4F7556}") = "CustomerAPIServices", "CustomerAPIServices\CustomerAPIServices.csproj", "{3C803A38-5445-4844-BBA9-619812C2242B}"
EndProject
Project("{9A19103F-16F7-4668-BE54-9A1E7A4F7556}") = "ClientApp", "ClientApp\ClientApp.csproj", "{E7869885-EA59-4F93-AD4F-7725962C7310}"
EndProject
Project("{9A19103F-16F7-4668-BE54-9A1E7A4F7556}") = "AuthServer", "AuthServer\AuthServer.csproj", "{E081B566-27A4-4D16-B579-50F495D21525}"
EndProject
Project("{2150E333-8FDC-42A3-9474-1A3956D46DE8}") = "NetCore3.1", "NetCore3.1", "{7929DDC3-3B88-407B-BC1A-A9EDE0634B6F}"
EndProject
Project("{2150E333-8FDC-42A3-9474-1A3956D46DE8}") = "Net6", "Net6", "{A62BEED1-87A8-4460-822A-CDCA9CDDD36E}"
EndProject
Project("{FAE04EC0-301F-11D3-BF4B-00C04F79EFBC}") = "APIGateway6", "APIGateway6\APIGateway6.csproj", "{59755DBD-C688-4E75-B246-1C7A9B930DD9}"
EndProject
Project("{FAE04EC0-301F-11D3-BF4B-00C04F79EFBC}") = "AuthServer6", "AuthServer6\AuthServer6.csproj", "{513C7E65-5D4D-45B5-85C5-7EC9DEAF13D8}"
EndProject
Project("{FAE04EC0-301F-11D3-BF4B-00C04F79EFBC}") = "CustomerAPIServices6", "CustomerAPIServices6\CustomerAPIServices6.csproj", "{387CAB2B-83BA-44CA-A966-5C08E37294F2}"
EndProject
Project("{FAE04EC0-301F-11D3-BF4B-00C04F79EFBC}") = "ClientApp6", "ClientApp6\ClientApp6.csproj", "{C63D174C-3704-4367-AC4F-B12066943E27}"
EndProject
Global
	GlobalSection(SolutionConfigurationPlatforms) = preSolution
		Debug|Any CPU = Debug|Any CPU
		Release|Any CPU = Release|Any CPU
	EndGlobalSection
	GlobalSection(ProjectConfigurationPlatforms) = postSolution
		{0FD99154-9307-45C6-B877-6891AE368F0F}.Debug|Any CPU.ActiveCfg = Debug|Any CPU
		{0FD99154-9307-45C6-B877-6891AE368F0F}.Debug|Any CPU.Build.0 = Debug|Any CPU
		{0FD99154-9307-45C6-B877-6891AE368F0F}.Release|Any CPU.ActiveCfg = Release|Any CPU
		{0FD99154-9307-45C6-B877-6891AE368F0F}.Release|Any CPU.Build.0 = Release|Any CPU
		{3C803A38-5445-4844-BBA9-619812C2242B}.Debug|Any CPU.ActiveCfg = Debug|Any CPU
		{3C803A38-5445-4844-BBA9-619812C2242B}.Debug|Any CPU.Build.0 = Debug|Any CPU
		{3C803A38-5445-4844-BBA9-619812C2242B}.Release|Any CPU.ActiveCfg = Release|Any CPU
		{3C803A38-5445-4844-BBA9-619812C2242B}.Release|Any CPU.Build.0 = Release|Any CPU
		{E7869885-EA59-4F93-AD4F-7725962C7310}.Debug|Any CPU.ActiveCfg = Debug|Any CPU
		{E7869885-EA59-4F93-AD4F-7725962C7310}.Debug|Any CPU.Build.0 = Debug|Any CPU
		{E7869885-EA59-4F93-AD4F-7725962C7310}.Release|Any CPU.ActiveCfg = Release|Any CPU
		{E7869885-EA59-4F93-AD4F-7725962C7310}.Release|Any CPU.Build.0 = Release|Any CPU
		{E081B566-27A4-4D16-B579-50F495D21525}.Debug|Any CPU.ActiveCfg = Debug|Any CPU
		{E081B566-27A4-4D16-B579-50F495D21525}.Debug|Any CPU.Build.0 = Debug|Any CPU
		{E081B566-27A4-4D16-B579-50F495D21525}.Release|Any CPU.ActiveCfg = Release|Any CPU
		{E081B566-27A4-4D16-B579-50F495D21525}.Release|Any CPU.Build.0 = Release|Any CPU
		{59755DBD-C688-4E75-B246-1C7A9B930DD9}.Debug|Any CPU.ActiveCfg = Debug|Any CPU
		{59755DBD-C688-4E75-B246-1C7A9B930DD9}.Debug|Any CPU.Build.0 = Debug|Any CPU
		{59755DBD-C688-4E75-B246-1C7A9B930DD9}.Release|Any CPU.ActiveCfg = Release|Any CPU
		{59755DBD-C688-4E75-B246-1C7A9B930DD9}.Release|Any CPU.Build.0 = Release|Any CPU
		{513C7E65-5D4D-45B5-85C5-7EC9DEAF13D8}.Debug|Any CPU.ActiveCfg = Debug|Any CPU
		{513C7E65-5D4D-45B5-85C5-7EC9DEAF13D8}.Debug|Any CPU.Build.0 = Debug|Any CPU
		{513C7E65-5D4D-45B5-85C5-7EC9DEAF13D8}.Release|Any CPU.ActiveCfg = Release|Any CPU
		{513C7E65-5D4D-45B5-85C5-7EC9DEAF13D8}.Release|Any CPU.Build.0 = Release|Any CPU
		{387CAB2B-83BA-44CA-A966-5C08E37294F2}.Debug|Any CPU.ActiveCfg = Debug|Any CPU
		{387CAB2B-83BA-44CA-A966-5C08E37294F2}.Debug|Any CPU.Build.0 = Debug|Any CPU
		{387CAB2B-83BA-44CA-A966-5C08E37294F2}.Release|Any CPU.ActiveCfg = Release|Any CPU
		{387CAB2B-83BA-44CA-A966-5C08E37294F2}.Release|Any CPU.Build.0 = Release|Any CPU
		{C63D174C-3704-4367-AC4F-B12066943E27}.Debug|Any CPU.ActiveCfg = Debug|Any CPU
		{C63D174C-3704-4367-AC4F-B12066943E27}.Debug|Any CPU.Build.0 = Debug|Any CPU
		{C63D174C-3704-4367-AC4F-B12066943E27}.Release|Any CPU.ActiveCfg = Release|Any CPU
		{C63D174C-3704-4367-AC4F-B12066943E27}.Release|Any CPU.Build.0 = Release|Any CPU
	EndGlobalSection
	GlobalSection(SolutionProperties) = preSolution
		HideSolutionNode = FALSE
	EndGlobalSection
	GlobalSection(NestedProjects) = preSolution
		{0FD99154-9307-45C6-B877-6891AE368F0F} = {7929DDC3-3B88-407B-BC1A-A9EDE0634B6F}
		{3C803A38-5445-4844-BBA9-619812C2242B} = {7929DDC3-3B88-407B-BC1A-A9EDE0634B6F}
		{E7869885-EA59-4F93-AD4F-7725962C7310} = {7929DDC3-3B88-407B-BC1A-A9EDE0634B6F}
		{E081B566-27A4-4D16-B579-50F495D21525} = {7929DDC3-3B88-407B-BC1A-A9EDE0634B6F}
		{59755DBD-C688-4E75-B246-1C7A9B930DD9} = {A62BEED1-87A8-4460-822A-CDCA9CDDD36E}
		{513C7E65-5D4D-45B5-85C5-7EC9DEAF13D8} = {A62BEED1-87A8-4460-822A-CDCA9CDDD36E}
		{387CAB2B-83BA-44CA-A966-5C08E37294F2} = {A62BEED1-87A8-4460-822A-CDCA9CDDD36E}
		{C63D174C-3704-4367-AC4F-B12066943E27} = {A62BEED1-87A8-4460-822A-CDCA9CDDD36E}
	EndGlobalSection
	GlobalSection(ExtensibilityGlobals) = postSolution
		SolutionGuid = {E607F755-64D2-433E-AA7D-CD7A4343C845}
	EndGlobalSection
EndGlobal
